
Microsoft Visual Studio Solution File, Format Version 12.00
# Visual Studio 15
VisualStudioVersion = 15.0.28010.2048
MinimumVisualStudioVersion = 10.0.40219.1
Project("{FAE04EC0-301F-11D3-BF4B-00C04F79EFBC}") = "Triller", "Triller\Triller.csproj", "{EE82C239-49D4-4F84-843F-F19DEA61B271}"
EndProject
Global
	GlobalSection(SolutionConfigurationPlatforms) = preSolution
		Debug|Any CPU = Debug|Any CPU
		Release|Any CPU = Release|Any CPU
	EndGlobalSection
	GlobalSection(ProjectConfigurationPlatforms) = postSolution
		{EE82C239-49D4-4F84-843F-F19DEA61B271}.Debug|Any CPU.ActiveCfg = Debug|Any CPU
		{EE82C239-49D4-4F84-843F-F19DEA61B271}.Debug|Any CPU.Build.0 = Debug|Any CPU
		{EE82C239-49D4-4F84-843F-F19DEA61B271}.Release|Any CPU.ActiveCfg = Release|Any CPU
		{EE82C239-49D4-4F84-843F-F19DEA61B271}.Release|Any CPU.Build.0 = Release|Any CPU
	EndGlobalSection
	GlobalSection(SolutionProperties) = preSolution
		HideSolutionNode = FALSE
	EndGlobalSection
	GlobalSection(ExtensibilityGlobals) = postSolution
		SolutionGuid = {BE4369B2-A559-400E-96FF-EE264970D899}
	EndGlobalSection
EndGlobal
